
Microsoft Visual Studio Solution File, Format Version 12.00
# Visual Studio 15
VisualStudioVersion = 15.0.26124.0
MinimumVisualStudioVersion = 15.0.26124.0
Project("{FAE04EC0-301F-11D3-BF4B-00C04F79EFBC}") = "Send", "Send\Send.csproj", "{06A39205-B463-4A99-B1C0-70DA8B2C1D4D}"
EndProject
Project("{FAE04EC0-301F-11D3-BF4B-00C04F79EFBC}") = "Receive", "Receive\Receive.csproj", "{E547AE51-A644-4E3E-A7DE-5A0AB1E812F6}"
EndProject
Project("{FAE04EC0-301F-11D3-BF4B-00C04F79EFBC}") = "NewTask", "NewTask\NewTask.csproj", "{989592FF-36E2-455E-A44C-5286E25E1436}"
EndProject
Project("{FAE04EC0-301F-11D3-BF4B-00C04F79EFBC}") = "Worker", "Worker\Worker.csproj", "{C16EEBDB-20F7-4B38-86B3-FD7058DFD4F6}"
EndProject
Global
	GlobalSection(SolutionConfigurationPlatforms) = preSolution
		Debug|Any CPU = Debug|Any CPU
		Debug|x64 = Debug|x64
		Debug|x86 = Debug|x86
		Release|Any CPU = Release|Any CPU
		Release|x64 = Release|x64
		Release|x86 = Release|x86
	EndGlobalSection
	GlobalSection(SolutionProperties) = preSolution
		HideSolutionNode = FALSE
	EndGlobalSection
	GlobalSection(ProjectConfigurationPlatforms) = postSolution
		{06A39205-B463-4A99-B1C0-70DA8B2C1D4D}.Debug|Any CPU.ActiveCfg = Debug|Any CPU
		{06A39205-B463-4A99-B1C0-70DA8B2C1D4D}.Debug|Any CPU.Build.0 = Debug|Any CPU
		{06A39205-B463-4A99-B1C0-70DA8B2C1D4D}.Debug|x64.ActiveCfg = Debug|Any CPU
		{06A39205-B463-4A99-B1C0-70DA8B2C1D4D}.Debug|x64.Build.0 = Debug|Any CPU
		{06A39205-B463-4A99-B1C0-70DA8B2C1D4D}.Debug|x86.ActiveCfg = Debug|Any CPU
		{06A39205-B463-4A99-B1C0-70DA8B2C1D4D}.Debug|x86.Build.0 = Debug|Any CPU
		{06A39205-B463-4A99-B1C0-70DA8B2C1D4D}.Release|Any CPU.ActiveCfg = Release|Any CPU
		{06A39205-B463-4A99-B1C0-70DA8B2C1D4D}.Release|Any CPU.Build.0 = Release|Any CPU
		{06A39205-B463-4A99-B1C0-70DA8B2C1D4D}.Release|x64.ActiveCfg = Release|Any CPU
		{06A39205-B463-4A99-B1C0-70DA8B2C1D4D}.Release|x64.Build.0 = Release|Any CPU
		{06A39205-B463-4A99-B1C0-70DA8B2C1D4D}.Release|x86.ActiveCfg = Release|Any CPU
		{06A39205-B463-4A99-B1C0-70DA8B2C1D4D}.Release|x86.Build.0 = Release|Any CPU
		{E547AE51-A644-4E3E-A7DE-5A0AB1E812F6}.Debug|Any CPU.ActiveCfg = Debug|Any CPU
		{E547AE51-A644-4E3E-A7DE-5A0AB1E812F6}.Debug|Any CPU.Build.0 = Debug|Any CPU
		{E547AE51-A644-4E3E-A7DE-5A0AB1E812F6}.Debug|x64.ActiveCfg = Debug|Any CPU
		{E547AE51-A644-4E3E-A7DE-5A0AB1E812F6}.Debug|x64.Build.0 = Debug|Any CPU
		{E547AE51-A644-4E3E-A7DE-5A0AB1E812F6}.Debug|x86.ActiveCfg = Debug|Any CPU
		{E547AE51-A644-4E3E-A7DE-5A0AB1E812F6}.Debug|x86.Build.0 = Debug|Any CPU
		{E547AE51-A644-4E3E-A7DE-5A0AB1E812F6}.Release|Any CPU.ActiveCfg = Release|Any CPU
		{E547AE51-A644-4E3E-A7DE-5A0AB1E812F6}.Release|Any CPU.Build.0 = Release|Any CPU
		{E547AE51-A644-4E3E-A7DE-5A0AB1E812F6}.Release|x64.ActiveCfg = Release|Any CPU
		{E547AE51-A644-4E3E-A7DE-5A0AB1E812F6}.Release|x64.Build.0 = Release|Any CPU
		{E547AE51-A644-4E3E-A7DE-5A0AB1E812F6}.Release|x86.ActiveCfg = Release|Any CPU
		{E547AE51-A644-4E3E-A7DE-5A0AB1E812F6}.Release|x86.Build.0 = Release|Any CPU
		{989592FF-36E2-455E-A44C-5286E25E1436}.Debug|Any CPU.ActiveCfg = Debug|Any CPU
		{989592FF-36E2-455E-A44C-5286E25E1436}.Debug|Any CPU.Build.0 = Debug|Any CPU
		{989592FF-36E2-455E-A44C-5286E25E1436}.Debug|x64.ActiveCfg = Debug|Any CPU
		{989592FF-36E2-455E-A44C-5286E25E1436}.Debug|x64.Build.0 = Debug|Any CPU
		{989592FF-36E2-455E-A44C-5286E25E1436}.Debug|x86.ActiveCfg = Debug|Any CPU
		{989592FF-36E2-455E-A44C-5286E25E1436}.Debug|x86.Build.0 = Debug|Any CPU
		{989592FF-36E2-455E-A44C-5286E25E1436}.Release|Any CPU.ActiveCfg = Release|Any CPU
		{989592FF-36E2-455E-A44C-5286E25E1436}.Release|Any CPU.Build.0 = Release|Any CPU
		{989592FF-36E2-455E-A44C-5286E25E1436}.Release|x64.ActiveCfg = Release|Any CPU
		{989592FF-36E2-455E-A44C-5286E25E1436}.Release|x64.Build.0 = Release|Any CPU
		{989592FF-36E2-455E-A44C-5286E25E1436}.Release|x86.ActiveCfg = Release|Any CPU
		{989592FF-36E2-455E-A44C-5286E25E1436}.Release|x86.Build.0 = Release|Any CPU
		{C16EEBDB-20F7-4B38-86B3-FD7058DFD4F6}.Debug|Any CPU.ActiveCfg = Debug|Any CPU
		{C16EEBDB-20F7-4B38-86B3-FD7058DFD4F6}.Debug|Any CPU.Build.0 = Debug|Any CPU
		{C16EEBDB-20F7-4B38-86B3-FD7058DFD4F6}.Debug|x64.ActiveCfg = Debug|Any CPU
		{C16EEBDB-20F7-4B38-86B3-FD7058DFD4F6}.Debug|x64.Build.0 = Debug|Any CPU
		{C16EEBDB-20F7-4B38-86B3-FD7058DFD4F6}.Debug|x86.ActiveCfg = Debug|Any CPU
		{C16EEBDB-20F7-4B38-86B3-FD7058DFD4F6}.Debug|x86.Build.0 = Debug|Any CPU
		{C16EEBDB-20F7-4B38-86B3-FD7058DFD4F6}.Release|Any CPU.ActiveCfg = Release|Any CPU
		{C16EEBDB-20F7-4B38-86B3-FD7058DFD4F6}.Release|Any CPU.Build.0 = Release|Any CPU
		{C16EEBDB-20F7-4B38-86B3-FD7058DFD4F6}.Release|x64.ActiveCfg = Release|Any CPU
		{C16EEBDB-20F7-4B38-86B3-FD7058DFD4F6}.Release|x64.Build.0 = Release|Any CPU
		{C16EEBDB-20F7-4B38-86B3-FD7058DFD4F6}.Release|x86.ActiveCfg = Release|Any CPU
		{C16EEBDB-20F7-4B38-86B3-FD7058DFD4F6}.Release|x86.Build.0 = Release|Any CPU
	EndGlobalSection
EndGlobal
